lockfileVersion: '9.0'

settings:
  autoInstallPeers: true
  excludeLinksFromLockfile: false

importers:

  .:
    devDependencies:
      typescript:
        specifier: ^5.8.2
        version: 5.9.3

  packages/core:
    dependencies:
      nanoid:
        specifier: ^5.0.9
        version: 5.1.16
    devDependencies:
      typescript:
        specifier: ^5.8.2
        version: 5.9.3

  packages/media:
    dependencies:
      '@duckfoot/core':
        specifier: workspace:*
        version: link:../core
      mediabunny:
        specifier: ^1.29.1
        version: 1.57.0
    devDependencies:
      typescript:
        specifier: ^5.8.2
        version: 5.9.3

  packages/tool-audio:
    dependencies:
      '@duckfoot/core':
        specifier: workspace:*
        version: link:../core
      '@duckfoot/media':
        specifier: workspace:*
        version: link:../media
      lucide-react:
        specifier: ^0.475.0
        version: 0.475.0(react@19.3.0)
      react:
        specifier: ^19.0.0
        version: 19.3.0
      react-dom:
        specifier: ^19.0.0
        version: 19.3.0(react@19.3.0)
    devDependencies:
      '@types/react':
        specifier: ^19.0.0
        version: 19.3.0
      '@types/react-dom':
        specifier: ^19.0.0
        version: 19.3.0(@types/react@19.3.0)
      typescript:
        specifier: ^5.8.2
        version: 5.9.3

  packages/tool-photo:
    dependencies:
      '@duckfoot/core':
        specifier: workspace:*
        version: link:../core
      '@duckfoot/media':
        specifier: workspace:*
        version: link:../media
      lucide-react:
        specifier: ^0.475.0
        version: 0.475.0(react@19.3.0)
      react:
        specifier: ^19.0.0
        version: 19.3.0
      react-dom:
        specifier: ^19.0.0
        version: 19.3.0(react@19.3.0)
    devDependencies:
      '@types/react':
        specifier: ^19.0.0
        version: 19.3.0
      '@types/react-dom':
        specifier: ^19.0.0
        version: 19.3.0(@types/react@19.3.0)
      typescript:
        specifier: ^5.8.2
        version: 5.9.3

  packages/tool-video:
    dependencies:
      '@duckfoot/core':
        specifier: workspace:*
        version: link:../core
      '@duckfoot/media':
        specifier: workspace:*
        version: link:../media
      lucide-react:
        specifier: ^0.475.0
        version: 0.475.0(react@19.3.0)
      nanoid:
        specifier: ^5.0.9
        version: 5.1.16
      react:
        specifier: ^19.0.0
        version: 19.3.0
      react-dom:
        specifier: ^19.0.0
        version: 19.3.0(react@19.3.0)
    devDependencies:
      '@types/react':
        specifier: ^19.0.0
        version: 19.3.0
      '@types/react-dom':
        specifier: ^19.0.0
        version: 19.3.0(@types/react@19.3.0)
      typescript:
        specifier: ^5.8.2
        version: 5.9.3

packages:

  '@types/dom-mediacapture-transform@0.1.12':
    resolution: {integrity: sha512-d7/QsLRwF864A5mgIM/YrfiglHoYn7zgCcAoJgW404r+2DwnNr7EBbLnCWpmOMgH8y0te73L1AV6H1bmauaWFw==}

  '@types/dom-webcodecs@0.1.13':
    resolution: {integrity: sha512-O5hkiFIcjjszPIYyUSyvScyvrBoV3NOEEZx/pMlsu44TKzWNkLVBBxnxJz42in5n3QIolYOcBYFCPZZ0h8SkwQ==}

  '@types/react-dom@19.3.0':
    resolution: {integrity: sha512-ZI7bU42mZXXKHn/qNLEw2IrbiINU7X5+vfgdixBHkCNpYWXjKgfQ/P+uyGb5CjOLB9UcnTeg3rylQtV2hym44Q==}
    peerDependencies:
      '@types/react': ^19.3.0

  '@types/react@19.3.0':
    resolution: {integrity: sha512-N0rFCuH9YoxG9/m61l9MfpJKfmLOVU0em7ipIz6TRgSSkvReLB9vL85GB+yr8Bs5leqpvg96JSwF4ZS1s4viQg==}

  csstype@3.2.3:
    resolution: {integrity: sha512-z1HGKcYy2xA8AGQfwrn0PAy+PB7X/GSj3UVJW9qKyn43xWa+gl5nXmU4qqLMRzWVLFC8KusUX8T/0kCiOYpAIQ==}

  lucide-react@0.475.0:
    resolution: {integrity: sha512-NJzvVu1HwFVeZ+Gwq2q00KygM1aBhy/ZrhY9FsAgJtpB+E4R7uxRk9M2iKvHa6/vNxZydIB59htha4c2vvwvVg==}
    peerDependencies:
      react: ^16.5.1 || ^17.0.0 || ^18.0.0 || ^19.0.0

  mediabunny@1.57.0:
    resolution: {integrity: sha512-j6L4DutGEcb5DQkWshZjJk6cP7bfmFXfIP6URTRXExMM2WSEQjQxWEV+U+PmYjLFyjRLymNGHWllg2OjHVbdog==}

  nanoid@5.1.16:
    resolution: {integrity: sha512-kVrnsrJqMR8+oLJnGEmSWw9BivK5mt7H3FZatVRjrc5wGqFYuBxX1yG7+A7Gi5AefkX6t/oCkizcQgpu0cY1dQ==}
    engines: {node: ^18 || >=20}
    hasBin: true

  react-dom@19.3.0:
    resolution: {integrity: sha512-JDk8dgif51OjFoDE70+OT9ICyYr+69HlmihNwp1+Nsfbna3t5sIiCa9ZJktDmQ4/1b/rn26hIAR2uYXDMr5r0Q==}
    peerDependencies:
      react: ^19.3.0

  react@19.3.0:
    resolution: {integrity: sha512-E8LUcbtBWt20bbl2YoHfx4ZDBdxVTfOKtCZn9cDSJ4l6/nuoApcpIBcj47t2wZoVX8g2ZHuMHbiShgCR1T5Sog==}
    engines: {node: '>=0.10.0'}

  scheduler@0.28.0:
    resolution: {integrity: sha512-juorfCmIkIw8tT+p5BXSm6PJjQF/ycEYmKyzURCIt/RaZIhL+PulbQ9Yu2z1HdOJDdqDTlxA1+xKBmHXJsczAw==}

  typescript@5.9.3:
    resolution: {integrity: sha512-jl1vZzPDinLr9eUt3J/t7V6FgNEw9QjvBPdysz9KfQDD41fQrC2Y4vKQdiaUpFT4bXlb1RHhLpp8wtm6M5TgSw==}
    engines: {node: '>=14.17'}
    hasBin: true

snapshots:

  '@types/dom-mediacapture-transform@0.1.12':
    dependencies:
      '@types/dom-webcodecs': 0.1.13

  '@types/dom-webcodecs@0.1.13': {}

  '@types/react-dom@19.3.0(@types/react@19.3.0)':
    dependencies:
      '@types/react': 19.3.0

  '@types/react@19.3.0':
    dependencies:
      csstype: 3.2.3

  csstype@3.2.3: {}

  lucide-react@0.475.0(react@19.3.0):
    dependencies:
      react: 19.3.0

  mediabunny@1.57.0:
    dependencies:
      '@types/dom-mediacapture-transform': 0.1.12
      '@types/dom-webcodecs': 0.1.13

  nanoid@5.1.16: {}

  react-dom@19.3.0(react@19.3.0):
    dependencies:
      react: 19.3.0
      scheduler: 0.28.0

  react@19.3.0: {}

  scheduler@0.28.0: {}

  typescript@5.9.3: {}
